// !$*UTF8*$!
{
	archiveVersion = 1;
	classes = {
	};
	objectVersion = 46;
	objects = {

/* Begin PBXBuildFile section */
		442655A41C51EE3900C20EC5 /* AppDelegate.swift in Sources */ = {isa = PBXBuildFile; fileRef = 442655A31C51EE3900C20EC5 /* AppDelegate.swift */; };
		442655A61C51EE3900C20EC5 /* RootViewController.swift in Sources */ = {isa = PBXBuildFile; fileRef = 442655A51C51EE3900C20EC5 /* RootViewController.swift */; };
		442655A81C51EE3900C20EC5 /* DataViewController.swift in Sources */ = {isa = PBXBuildFile; fileRef = 442655A71C51EE3900C20EC5 /* DataViewController.swift */; };
		442655AA1C51EE3900C20EC5 /* ModelController.swift in Sources */ = {isa = PBXBuildFile; fileRef = 442655A91C51EE3900C20EC5 /* ModelController.swift */; };
		442655AD1C51EE3900C20EC5 /* Main.storyboard in Resources */ = {isa = PBXBuildFile; fileRef = 442655AB1C51EE3900C20EC5 /* Main.storyboard */; };
		442655AF1C51EE3900C20EC5 /* Assets.xcassets in Resources */ = {isa = PBXBuildFile; fileRef = 442655AE1C51EE3900C20EC5 /* Assets.xcassets */; };
		442655B21C51EE3900C20EC5 /* LaunchScreen.storyboard in Resources */ = {isa = PBXBuildFile; fileRef = 442655B01C51EE3900C20EC5 /* LaunchScreen.storyboard */; };
/* End PBXBuildFile section */

/* Begin PBXFileReference section */
		442655A01C51EE3900C20EC5 /* Rater1.0.app */ = {isa = PBXFileReference; explicitFileType = wrapper.application; includeInIndex = 0; path = Rater1.0.app; sourceTree = BUILT_PRODUCTS_DIR; };
		442655A31C51EE3900C20EC5 /* AppDelegate.swift */ = {isa = PBXFileReference; lastKnownFileType = sourcecode.swift; path = AppDelegate.swift; sourceTree = "<group>"; };
		442655A51C51EE3900C20EC5 /* RootViewController.swift */ = {isa = PBXFileReference; lastKnownFileType = sourcecode.swift; path = RootViewController.swift; sourceTree = "<group>"; };
		442655A71C51EE3900C20EC5 /* DataViewController.swift */ = {isa = PBXFileReference; lastKnownFileType = sourcecode.swift; path = DataViewController.swift; sourceTree = "<group>"; };
		442655A91C51EE3900C20EC5 /* ModelController.swift */ = {isa = PBXFileReference; lastKnownFileType = sourcecode.swift; path = ModelController.swift; sourceTree = "<group>"; };
		442655AC1C51EE3900C20EC5 /* Base */ = {isa = PBXFileReference; lastKnownFileType = file.storyboard; name = Base; path = Base.lproj/Main.storyboard; sourceTree = "<group>"; };
		442655AE1C51EE3900C20EC5 /* Assets.xcassets */ = {isa = PBXFileReference; lastKnownFileType = folder.assetcatalog; path = Assets.xcassets; sourceTree = "<group>"; };
		442655B11C51EE3900C20EC5 /* Base */ = {isa = PBXFileReference; lastKnownFileType = file.storyboard; name = Base; path = Base.lproj/LaunchScreen.storyboard; sourceTree = "<group>"; };
		442655B31C51EE3900C20EC5 /* Info.plist */ = {isa = PBXFileReference; lastKnownFileType = text.plist.xml; path = Info.plist; sourceTree = "<group>"; };
/* End PBXFileReference section */

/* Begin PBXFrameworksBuildPhase section */
		4426559D1C51EE3900C20EC5 /* Frameworks */ = {
			isa = PBXFrameworksBuildPhase;
			buildActionMask = 2147483647;
			files = (
			);
			runOnlyForDeploymentPostprocessing = 0;
		};
/* End PBXFrameworksBuildPhase section */

/* Begin PBXGroup section */
		442655971C51EE3900C20EC5 = {
			isa = PBXGroup;
			children = (
				442655A21C51EE3900C20EC5 /* Rater1.0 */,
				442655A11C51EE3900C20EC5 /* Products */,
			);
			sourceTree = "<group>";
		};
		442655A11C51EE3900C20EC5 /* Products */ = {
			isa = PBXGroup;
			children = (
				442655A01C51EE3900C20EC5 /* Rater1.0.app */,
			);
			name = Products;
			sourceTree = "<group>";
		};
		442655A21C51EE3900C20EC5 /* Rater1.0 */ = {
			isa = PBXGroup;
			children = (
				442655A31C51EE3900C20EC5 /* AppDelegate.swift */,
				442655A51C51EE3900C20EC5 /* RootViewController.swift */,
				442655A71C51EE3900C20EC5 /* DataViewController.swift */,
				442655A91C51EE3900C20EC5 /* ModelController.swift */,
				442655AB1C51EE3900C20EC5 /* Main.storyboard */,
				442655AE1C51EE3900C20EC5 /* Assets.xcassets */,
				442655B01C51EE3900C20EC5 /* LaunchScreen.storyboard */,
				442655B31C51EE3900C20EC5 /* Info.plist */,
			);
			path = Rater1.0;
			sourceTree = "<group>";
		};
/* End PBXGroup section */

/* Begin PBXNativeTarget section */
		4426559F1C51EE3900C20EC5 /* Rater1.0 */ = {
			isa = PBXNativeTarget;
			buildConfigurationList = 442655B61C51EE3900C20EC5 /* Build configuration list for PBXNativeTarget "Rater1.0" */;
			buildPhases = (
				4426559C1C51EE3900C20EC5 /* Sources */,
				4426559D1C51EE3900C20EC5 /* Frameworks */,
				4426559E1C51EE3900C20EC5 /* Resources */,
			);
			buildRules = (
			);
			dependencies = (
			);
			name = Rater1.0;
			productName = Rater1.0;
			productReference = 442655A01C51EE3900C20EC5 /* Rater1.0.app */;
			productType = "com.apple.product-type.application";
		};
/* End PBXNativeTarget section */

/* Begin PBXProject section */
		442655981C51EE3900C20EC5 /* Project object */ = {
			isa = PBXProject;
			attributes = {
				LastSwiftUpdateCheck = 0720;
				LastUpgradeCheck = 0720;
				ORGANIZATIONNAME = "Evan Richardson";
				TargetAttributes = {
					4426559F1C51EE3900C20EC5 = {
						CreatedOnToolsVersion = 7.2;
					};
				};
			};
			buildConfigurationList = 4426559B1C51EE3900C20EC5 /* Build configuration list for PBXProject "Rater1.0" */;
			compatibilityVersion = "Xcode 3.2";
			developmentRegion = English;
			hasScannedForEncodings = 0;
			knownRegions = (
				en,
				Base,
			);
			mainGroup = 442655971C51EE3900C20EC5;
			productRefGroup = 442655A11C51EE3900C20EC5 /* Products */;
			projectDirPath = "";
			projectRoot = "";
			targets = (
				4426559F1C51EE3900C20EC5 /* Rater1.0 */,
			);
		};
/* End PBXProject section */

/* Begin PBXResourcesBuildPhase section */
		4426559E1C51EE3900C20EC5 /* Resources */ = {
			isa = PBXResourcesBuildPhase;
			buildActionMask = 2147483647;
			files = (
				442655B21C51EE3900C20EC5 /* LaunchScreen.storyboard in Resources */,
				442655AF1C51EE3900C20EC5 /* Assets.xcassets in Resources */,
				442655AD1C51EE3900C20EC5 /* Main.storyboard in Resources */,
			);
			runOnlyForDeploymentPostprocessing = 0;
		};
/* End PBXResourcesBuildPhase section */

/* Begin PBXSourcesBuildPhase section */
		4426559C1C51EE3900C20EC5 /* Sources */ = {
			isa = PBXSourcesBuildPhase;
			buildActionMask = 2147483647;
			files = (
				442655A61C51EE3900C20EC5 /* RootViewController.swift in Sources */,
				442655AA1C51EE3900C20EC5 /* ModelController.swift in Sources */,
				442655A81C51EE3900C20EC5 /* DataViewController.swift in Sources */,
				442655A41C51EE3900C20EC5 /* AppDelegate.swift in Sources */,
			);
			runOnlyForDeploymentPostprocessing = 0;
		};
/* End PBXSourcesBuildPhase section */

/* Begin PBXVariantGroup section */
		442655AB1C51EE3900C20EC5 /* Main.storyboard */ = {
			isa = PBXVariantGroup;
			children = (
				442655AC1C51EE3900C20EC5 /* Base */,
			);
			name = Main.storyboard;
			sourceTree = "<group>";
		};
		442655B01C51EE3900C20EC5 /* LaunchScreen.storyboard */ = {
			isa = PBXVariantGroup;
			children = (
				442655B11C51EE3900C20EC5 /* Base */,
			);
			name = LaunchScreen.storyboard;
			sourceTree = "<group>";
		};
/* End PBXVariantGroup section */

/* Begin XCBuildConfiguration section */
		442655B41C51EE3900C20EC5 /* Debug */ = {
			isa = XCBuildConfiguration;
			buildSettings = {
				ALWAYS_SEARCH_USER_PATHS = NO;
				CLANG_CXX_LANGUAGE_STANDARD = "gnu++0x";
				CLANG_CXX_LIBRARY = "libc++";
				CLANG_ENABLE_MODULES = YES;
				CLANG_ENABLE_OBJC_ARC = YES;
				CLANG_WARN_BOOL_CONVERSION = YES;
				CLANG_WARN_CONSTANT_CONVERSION = YES;
				CLANG_WARN_DIRECT_OBJC_ISA_USAGE = YES_ERROR;
				CLANG_WARN_EMPTY_BODY = YES;
				CLANG_WARN_ENUM_CONVERSION = YES;
				CLANG_WARN_INT_CONVERSION = YES;
				CLANG_WARN_OBJC_ROOT_CLASS = YES_ERROR;
				CLANG_WARN_UNREACHABLE_CODE = YES;
				CLANG_WARN__DUPLICATE_METHOD_MATCH = YES;
				"CODE_SIGN_IDENTITY[sdk=iphoneos*]" = "iPhone Developer";
				COPY_PHASE_STRIP = NO;
				DEBUG_INFORMATION_FORMAT = dwarf;
				ENABLE_STRICT_OBJC_MSGSEND = YES;
				ENABLE_TESTABILITY = YES;
				GCC_C_LANGUAGE_STANDARD = gnu99;
				GCC_DYNAMIC_NO_PIC = NO;
				GCC_NO_COMMON_BLOCKS = YES;
				GCC_OPTIMIZATION_LEVEL = 0;
				GCC_PREPROCESSOR_DEFINITIONS = (
					"DEBUG=1",
					"$(inherited)",
				);
				GCC_WARN_64_TO_32_BIT_CONVERSION = YES;
				GCC_WARN_ABOUT_RETURN_TYPE = YES_ERROR;
				GCC_WARN_UNDECLARED_SELECTOR = YES;
				GCC_WARN_UNINITIALIZED_AUTOS = YES_AGGRESSIVE;
				GCC_WARN_UNUSED_FUNCTION = YES;
				GCC_WARN_UNUSED_VARIABLE = YES;
				IPHONEOS_DEPLOYMENT_TARGET = 9.2;
				MTL_ENABLE_DEBUG_INFO = YES;
				ONLY_ACTIVE_ARCH = YES;
				SDKROOT = iphoneos;
				SWIFT_OPTIMIZATION_LEVEL = "-Onone";
			};
			name = Debug;
		};
		442655B51C51EE3900C20EC5 /* Release */ = {
			isa = XCBuildConfiguration;
			buildSettings = {
				ALWAYS_SEARCH_USER_PATHS = NO;
				CLANG_CXX_LANGUAGE_STANDARD = "gnu++0x";
				CLANG_CXX_LIBRARY = "libc++";
				CLANG_ENABLE_MODULES = YES;
				CLANG_ENABLE_OBJC_ARC = YES;
				CLANG_WARN_BOOL_CONVERSION = YES;
				CLANG_WARN_CONSTANT_CONVERSION = YES;
				CLANG_WARN_DIRECT_OBJC_ISA_USAGE = YES_ERROR;
				CLANG_WARN_EMPTY_BODY = YES;
				CLANG_WARN_ENUM_CONVERSION = YES;
				CLANG_WARN_INT_CONVERSION = YES;
				CLANG_WARN_OBJC_ROOT_CLASS = YES_ERROR;
				CLANG_WARN_UNREACHABLE_CODE = YES;
				CLANG_WARN__DUPLICATE_METHOD_MATCH = YES;
				"CODE_SIGN_IDENTITY[sdk=iphoneos*]" = "iPhone Developer";
				COPY_PHASE_STRIP = NO;
				DEBUG_INFORMATION_FORMAT = "dwarf-with-dsym";
				ENABLE_NS_ASSERTIONS = NO;
				ENABLE_STRICT_OBJC_MSGSEND = YES;
				GCC_C_LANGUAGE_STANDARD = gnu99;
				GCC_NO_COMMON_BLOCKS = YES;
				GCC_WARN_64_TO_32_BIT_CONVERSION = YES;
				GCC_WARN_ABOUT_RETURN_TYPE = YES_ERROR;
				GCC_WARN_UNDECLARED_SELECTOR = YES;
				GCC_WARN_UNINITIALIZED_AUTOS = YES_AGGRESSIVE;
				GCC_WARN_UNUSED_FUNCTION = YES;
				GCC_WARN_UNUSED_VARIABLE = YES;
				IPHONEOS_DEPLOYMENT_TARGET = 9.2;
				MTL_ENABLE_DEBUG_INFO = NO;
				SDKROOT = iphoneos;
				VALIDATE_PRODUCT = YES;
			};
			name = Release;
		};
		442655B71C51EE3900C20EC5 /* Debug */ = {
			isa = XCBuildConfiguration;
			buildSettings = {
				ASSETCATALOG_COMPILER_APPICON_NAME = AppIcon;
				INFOPLIST_FILE = Rater1.0/Info.plist;
				LD_RUNPATH_SEARCH_PATHS = "$(inherited) @executable_path/Frameworks";
				PRODUCT_BUNDLE_IDENTIFIER = "evanrichardson.Rater1-0";
				PRODUCT_NAME = "$(TARGET_NAME)";
			};
			name = Debug;
		};
		442655B81C51EE3900C20EC5 /* Release */ = {
			isa = XCBuildConfiguration;
			buildSettings = {
				ASSETCATALOG_COMPILER_APPICON_NAME = AppIcon;
				INFOPLIST_FILE = Rater1.0/Info.plist;
				LD_RUNPATH_SEARCH_PATHS = "$(inherited) @executable_path/Frameworks";
				PRODUCT_BUNDLE_IDENTIFIER = "evanrichardson.Rater1-0";
				PRODUCT_NAME = "$(TARGET_NAME)";
			};
			name = Release;
		};
/* End XCBuildConfiguration section */

/* Begin XCConfigurationList section */
		4426559B1C51EE3900C20EC5 /* Build configuration list for PBXProject "Rater1.0" */ = {
			isa = XCConfigurationList;
			buildConfigurations = (
				442655B41C51EE3900C20EC5 /* Debug */,
				442655B51C51EE3900C20EC5 /* Release */,
			);
			defaultConfigurationIsVisible = 0;
			defaultConfigurationName = Release;
		};
		442655B61C51EE3900C20EC5 /* Build configuration list for PBXNativeTarget "Rater1.0" */ = {
			isa = XCConfigurationList;
			buildConfigurations = (
				442655B71C51EE3900C20EC5 /* Debug */,
				442655B81C51EE3900C20EC5 /* Release */,
			);
			defaultConfigurationIsVisible = 0;
		};
/* End XCConfigurationList section */
	};
	rootObject = 442655981C51EE3900C20EC5 /* Project object */;
}
